{
  "name": "gpu-ssh-monitor",
  "version": "0.1.0",
  "lockfileVersion": 3,
  "requires": true,
  "packages": {
    "": {
      "name": "gpu-ssh-monitor",
      "version": "0.1.0",
      "license": "MIT",
      "dependencies": {
        "@xterm/addon-serialize": "^0.14.0",
        "@xterm/headless": "^6.0.0",
        "node-pty": "^1.1.0"
      }
    },
    "node_modules/@xterm/addon-serialize": {
      "version": "0.14.0",
      "license": "MIT"
    },
    "node_modules/@xterm/headless": {
      "version": "6.0.0",
      "license": "MIT",
      "workspaces": [
        "addons/*"
      ]
    },
    "node_modules/node-addon-api": {
      "version": "7.1.1",
      "license": "MIT"
    },
    "node_modules/node-pty": {
      "version": "1.1.0",
      "hasInstallScript": true,
      "license": "MIT",
      "dependencies": {
        "node-addon-api": "^7.1.0"
      }
    }
  }
}
